{
  "name": "audiograph",
  "version": "0.1.0",
  "lockfileVersion": 1,
  "requires": true,
  "dependencies": {
    "@types/jest": {
      "version": "19.2.4",
      "resolved": "https://registry.npmjs.org/@types/jest/-/jest-19.2.4.tgz",
      "integrity": "sha512-w9nmNHHkl9lNeOorjz1a7BLUd6zTa3pakNx2qkKCVtYS44L7taPcJB8l1kQWVOIa7kN08qwlyS11A1nz2yUvWQ=="
    },
    "@types/node": {
      "version": "7.0.27",
      "resolved": "https://registry.npmjs.org/@types/node/-/node-7.0.27.tgz",
      "integrity": "sha512-2QMiuVOEye2yKmMwE1V96C9HSShmT0WSm6dv2WjacvePEjQNNJGAerTO5hdYhj5lpdK5MW+FVxmyzDhr4omIdw=="
    },
    "@types/react": {
      "version": "15.0.26",
      "resolved": "https://registry.npmjs.org/@types/react/-/react-15.0.26.tgz",
      "integrity": "sha512-BoKQyVrDrPgUUH6jbaKr/ED8kKcWlbOAYwawuLYrX5PcBJ1W1b5ENHTKu5oqk6vnstnvE2QK7Byrt7GS+B1zaQ=="
    },
    "@types/react-dom": {
      "version": "15.5.0",
      "resolved": "https://registry.npmjs.org/@types/react-dom/-/react-dom-15.5.0.tgz",
      "integrity": "sha1-f0+5YT1AURQXcyQve2tfGkazS9k="
    },
    "@types/react-redux": {
      "version": "4.4.42",
      "resolved": "https://registry.npmjs.org/@types/react-redux/-/react-redux-4.4.42.tgz",
      "integrity": "sha512-zy4bWIKrgXmJGiXSRgwAeS3kidFRZQ/Gr1k3twrddzDxgTcmRNmvq8ueH4roPIa6iCjhJVuc1UwKdaRAwP68Vw=="
    },
    "@types/tone": {
      "version": "git+https://github.com/theor/TypeScript.git#420024f6f833930d6e8a216b2c010894f7d1752d",
      "from": "git+https://github.com/theor/TypeScript.git"
    },
    "js-base64": {
      "version": "2.1.9",
      "resolved": "https://registry.npmjs.org/js-base64/-/js-base64-2.1.9.tgz",
      "integrity": "sha1-8OgK4DmkvWVLXygfyT8EqRSn/M4="
    },
    "process-nextick-args": {
      "version": "1.0.7",
      "resolved": "https://registry.npmjs.org/process-nextick-args/-/process-nextick-args-1.0.7.tgz",
      "integrity": "sha1-FQ4gt1ZZCtP5EJPyWk8q2L/zC6M="
    },
    "react": {
      "version": "15.5.4",
      "resolved": "https://registry.npmjs.org/react/-/react-15.5.4.tgz",
      "integrity": "sha1-+oPrAVBqsjfNwcjDsc6o3gEr8Ec="
    },
    "react-dom": {
      "version": "15.5.4",
      "resolved": "https://registry.npmjs.org/react-dom/-/react-dom-15.5.4.tgz",
      "integrity": "sha1-ugwoeG/VLtfk8hNf4CiNRirvk9o="
    },
    "react-node-graph": {
      "version": "1.1.1",
      "resolved": "https://registry.npmjs.org/react-node-graph/-/react-node-graph-1.1.1.tgz",
      "integrity": "sha1-XE+Qy8iFpaUcKc8FQa1MoJXY99o=",
      "dependencies": {
        "react-dom": {
          "version": "0.14.9",
          "resolved": "https://registry.npmjs.org/react-dom/-/react-dom-0.14.9.tgz",
          "integrity": "sha1-BQZKPc8PsYgKOyv8nVjFXY2fYpM="
        }
      }
    },
    "react-redux": {
      "version": "5.0.5",
      "resolved": "https://registry.npmjs.org/react-redux/-/react-redux-5.0.5.tgz",
      "integrity": "sha1-+OjHsjlCJXblLWt9sGQ5RpvphGo="
    },
    "react-scripts-ts": {
      "version": "2.2.0",
      "resolved": "https://registry.npmjs.org/react-scripts-ts/-/react-scripts-ts-2.2.0.tgz",
      "integrity": "sha1-gWAEgstvTv7F/3mr8cmlRL032y8=",
      "dev": true
    },
    "redux": {
      "version": "3.6.0",
      "resolved": "https://registry.npmjs.org/redux/-/redux-3.6.0.tgz",
      "integrity": "sha1-iHwrPQub2G7KK+cFccJ2VMGeGI0="
    },
    "tone": {
      "version": "0.10.0",
      "resolved": "https://registry.npmjs.org/tone/-/tone-0.10.0.tgz",
      "integrity": "sha1-yFWKKUWeISQiKifr8Xu9vus259Y="
    },
    "typescript-fsa": {
      "version": "2.3.0",
      "resolved": "https://registry.npmjs.org/typescript-fsa/-/typescript-fsa-2.3.0.tgz",
      "integrity": "sha1-U+wOGNr7gCAB9fmew7hSt6jgTQI="
    },
    "util-deprecate": {
      "version": "1.0.2",
      "resolved": "https://registry.npmjs.org/util-deprecate/-/util-deprecate-1.0.2.tgz",
      "integrity": "sha1-RQ1Nyfpw3nMnYvvS1KKJgUGaDM8="
    }
  }
}
